
Microsoft Visual Studio Solution File, Format Version 12.00
# Visual Studio 2013
VisualStudioVersion = 12.0.40629.0
MinimumVisualStudioVersion = 10.0.40219.1
Project("{FAE04EC0-301F-11D3-BF4B-00C04F79EFBC}") = "Entidades", "Entidades\Entidades.csproj", "{C9C15F5E-B8EE-47B1-9BF7-B056BF220027}"
EndProject
Project("{FAE04EC0-301F-11D3-BF4B-00C04F79EFBC}") = "Servicios", "Servicios\Servicios.csproj", "{BEB60C0A-2BB2-4490-8ECC-362E50F463E0}"
EndProject
Project("{FAE04EC0-301F-11D3-BF4B-00C04F79EFBC}") = "Infraestructura", "Infraestructura\Infraestructura.csproj", "{D3B599C3-913F-4EC3-AC1C-C08B860612B5}"
EndProject
Project("{FAE04EC0-301F-11D3-BF4B-00C04F79EFBC}") = "Data", "Data\Data.csproj", "{92CB979F-4761-4F7E-9FFC-345006BACA73}"
EndProject
Project("{FAE04EC0-301F-11D3-BF4B-00C04F79EFBC}") = "WinOMB", "WinOMB\WinOMB.csproj", "{0E750E41-02B9-4132-BE31-C1984E96F450}"
EndProject
Project("{FAE04EC0-301F-11D3-BF4B-00C04F79EFBC}") = "TestEF", "TestEF\TestEF.csproj", "{FDB7E94E-D2A5-41A4-93B6-6B07226679C6}"
EndProject
Project("{FAE04EC0-301F-11D3-BF4B-00C04F79EFBC}") = "EFTesting", "EFTesting\EFTesting.csproj", "{DA2D1459-E2AC-457B-B675-4C6C2FB5592C}"
EndProject
Project("{FAE04EC0-301F-11D3-BF4B-00C04F79EFBC}") = "MvcOMB", "MVCOOMB\MvcOMB.csproj", "{28C18F21-55A3-437D-9D98-48101A3D702D}"
EndProject
Global
	GlobalSection(SolutionConfigurationPlatforms) = preSolution
		Debug|Any CPU = Debug|Any CPU
		Release|Any CPU = Release|Any CPU
	EndGlobalSection
	GlobalSection(ProjectConfigurationPlatforms) = postSolution
		{C9C15F5E-B8EE-47B1-9BF7-B056BF220027}.Debug|Any CPU.ActiveCfg = Debug|Any CPU
		{C9C15F5E-B8EE-47B1-9BF7-B056BF220027}.Debug|Any CPU.Build.0 = Debug|Any CPU
		{C9C15F5E-B8EE-47B1-9BF7-B056BF220027}.Release|Any CPU.ActiveCfg = Release|Any CPU
		{C9C15F5E-B8EE-47B1-9BF7-B056BF220027}.Release|Any CPU.Build.0 = Release|Any CPU
		{BEB60C0A-2BB2-4490-8ECC-362E50F463E0}.Debug|Any CPU.ActiveCfg = Debug|Any CPU
		{BEB60C0A-2BB2-4490-8ECC-362E50F463E0}.Debug|Any CPU.Build.0 = Debug|Any CPU
		{BEB60C0A-2BB2-4490-8ECC-362E50F463E0}.Release|Any CPU.ActiveCfg = Release|Any CPU
		{BEB60C0A-2BB2-4490-8ECC-362E50F463E0}.Release|Any CPU.Build.0 = Release|Any CPU
		{D3B599C3-913F-4EC3-AC1C-C08B860612B5}.Debug|Any CPU.ActiveCfg = Debug|Any CPU
		{D3B599C3-913F-4EC3-AC1C-C08B860612B5}.Debug|Any CPU.Build.0 = Debug|Any CPU
		{D3B599C3-913F-4EC3-AC1C-C08B860612B5}.Release|Any CPU.ActiveCfg = Release|Any CPU
		{D3B599C3-913F-4EC3-AC1C-C08B860612B5}.Release|Any CPU.Build.0 = Release|Any CPU
		{92CB979F-4761-4F7E-9FFC-345006BACA73}.Debug|Any CPU.ActiveCfg = Debug|Any CPU
		{92CB979F-4761-4F7E-9FFC-345006BACA73}.Debug|Any CPU.Build.0 = Debug|Any CPU
		{92CB979F-4761-4F7E-9FFC-345006BACA73}.Release|Any CPU.ActiveCfg = Release|Any CPU
		{92CB979F-4761-4F7E-9FFC-345006BACA73}.Release|Any CPU.Build.0 = Release|Any CPU
		{0E750E41-02B9-4132-BE31-C1984E96F450}.Debug|Any CPU.ActiveCfg = Debug|Any CPU
		{0E750E41-02B9-4132-BE31-C1984E96F450}.Debug|Any CPU.Build.0 = Debug|Any CPU
		{0E750E41-02B9-4132-BE31-C1984E96F450}.Release|Any CPU.ActiveCfg = Release|Any CPU
		{0E750E41-02B9-4132-BE31-C1984E96F450}.Release|Any CPU.Build.0 = Release|Any CPU
		{FDB7E94E-D2A5-41A4-93B6-6B07226679C6}.Debug|Any CPU.ActiveCfg = Debug|Any CPU
		{FDB7E94E-D2A5-41A4-93B6-6B07226679C6}.Debug|Any CPU.Build.0 = Debug|Any CPU
		{FDB7E94E-D2A5-41A4-93B6-6B07226679C6}.Release|Any CPU.ActiveCfg = Release|Any CPU
		{FDB7E94E-D2A5-41A4-93B6-6B07226679C6}.Release|Any CPU.Build.0 = Release|Any CPU
		{DA2D1459-E2AC-457B-B675-4C6C2FB5592C}.Debug|Any CPU.ActiveCfg = Debug|Any CPU
		{DA2D1459-E2AC-457B-B675-4C6C2FB5592C}.Debug|Any CPU.Build.0 = Debug|Any CPU
		{DA2D1459-E2AC-457B-B675-4C6C2FB5592C}.Release|Any CPU.ActiveCfg = Release|Any CPU
		{DA2D1459-E2AC-457B-B675-4C6C2FB5592C}.Release|Any CPU.Build.0 = Release|Any CPU
		{28C18F21-55A3-437D-9D98-48101A3D702D}.Debug|Any CPU.ActiveCfg = Debug|Any CPU
		{28C18F21-55A3-437D-9D98-48101A3D702D}.Debug|Any CPU.Build.0 = Debug|Any CPU
		{28C18F21-55A3-437D-9D98-48101A3D702D}.Release|Any CPU.ActiveCfg = Release|Any CPU
		{28C18F21-55A3-437D-9D98-48101A3D702D}.Release|Any CPU.Build.0 = Release|Any CPU
	EndGlobalSection
	GlobalSection(SolutionProperties) = preSolution
		HideSolutionNode = FALSE
	EndGlobalSection
EndGlobal
